
Microsoft Visual Studio Solution File, Format Version 12.00
# Visual Studio Version 17
VisualStudioVersion = 17.8.34525.116
MinimumVisualStudioVersion = 10.0.40219.1
Project("{FAE04EC0-301F-11D3-BF4B-00C04F79EFBC}") = "estruturaderepeticaoApp2", "estruturaderepeticaoApp2\estruturaderepeticaoApp2.csproj", "{79F6D7C2-EAA1-4D83-A80F-5318DD854B62}"
EndProject
Global
	GlobalSection(SolutionConfigurationPlatforms) = preSolution
		Debug|Any CPU = Debug|Any CPU
		Release|Any CPU = Release|Any CPU
	EndGlobalSection
	GlobalSection(ProjectConfigurationPlatforms) = postSolution
		{79F6D7C2-EAA1-4D83-A80F-5318DD854B62}.Debug|Any CPU.ActiveCfg = Debug|Any CPU
		{79F6D7C2-EAA1-4D83-A80F-5318DD854B62}.Debug|Any CPU.Build.0 = Debug|Any CPU
		{79F6D7C2-EAA1-4D83-A80F-5318DD854B62}.Release|Any CPU.ActiveCfg = Release|Any CPU
		{79F6D7C2-EAA1-4D83-A80F-5318DD854B62}.Release|Any CPU.Build.0 = Release|Any CPU
	EndGlobalSection
	GlobalSection(SolutionProperties) = preSolution
		HideSolutionNode = FALSE
	EndGlobalSection
	GlobalSection(ExtensibilityGlobals) = postSolution
		SolutionGuid = {0700E623-76EA-4F41-8D25-6907FC971DF8}
	EndGlobalSection
EndGlobal
