
Microsoft Visual Studio Solution File, Format Version 12.00
# Visual Studio Version 17
VisualStudioVersion = 17.8.34525.116
MinimumVisualStudioVersion = 10.0.40219.1
Project("{FAE04EC0-301F-11D3-BF4B-00C04F79EFBC}") = "ConsoleApp1", "ConsoleApp1\ConsoleApp1.csproj", "{20AE5CBF-9F7A-4B6B-AF22-60434CAC9CD2}"
EndProject
Global
	GlobalSection(SolutionConfigurationPlatforms) = preSolution
		Debug|Any CPU = Debug|Any CPU
		Release|Any CPU = Release|Any CPU
	EndGlobalSection
	GlobalSection(ProjectConfigurationPlatforms) = postSolution
		{20AE5CBF-9F7A-4B6B-AF22-60434CAC9CD2}.Debug|Any CPU.ActiveCfg = Debug|Any CPU
		{20AE5CBF-9F7A-4B6B-AF22-60434CAC9CD2}.Debug|Any CPU.Build.0 = Debug|Any CPU
		{20AE5CBF-9F7A-4B6B-AF22-60434CAC9CD2}.Release|Any CPU.ActiveCfg = Release|Any CPU
		{20AE5CBF-9F7A-4B6B-AF22-60434CAC9CD2}.Release|Any CPU.Build.0 = Release|Any CPU
	EndGlobalSection
	GlobalSection(SolutionProperties) = preSolution
		HideSolutionNode = FALSE
	EndGlobalSection
	GlobalSection(ExtensibilityGlobals) = postSolution
		SolutionGuid = {F45E8C67-23E8-403B-BE29-F9EC17281E55}
	EndGlobalSection
EndGlobal
